#include <iostream>
#include <iomanip>
#include <cmath>
using namespace std;

int main() {
    setlocale(LC_ALL, "rus");
    cout << fixed << setprecision(10);

    double A[3][3] = { {1.00, 0.80, 0.64}, {1.00, 0.90, 0.81}, {1.00, 1.10, 1.21} };
    double b[3] = { erf(0.80), erf(0.90), erf(1.10) };

    cout << "Матрица A:" << endl;
    for (int i = 0; i < 3; i++) {
        for (int j = 0; j < 3; j++) {
            cout << A[i][j] << " ";
        }
        cout << endl;
    }

    cout << "\nВектор b:" << endl;
    for (int i = 0; i < 3; i++) {
        cout << b[i] << endl;
    }
    cout << endl;

    double detA = A[0][0] * (A[1][1] * A[2][2] - A[1][2] * A[2][1]) - A[0][1] * (A[1][0] * A[2][2] - A[1][2] * A[2][0]) + A[0][2] * (A[1][0] * A[2][1] - A[1][1] * A[2][0]);

    cout << "Определитель A = " << detA << endl;

    double detX1 = b[0] * (A[1][1] * A[2][2] - A[1][2] * A[2][1]) - A[0][1] * (b[1] * A[2][2] - A[1][2] * b[2]) + A[0][2] * (b[1] * A[2][1] - A[1][1] * b[2]);

    double detX2 = A[0][0] * (b[1] * A[2][2] - A[1][2] * b[2]) - b[0] * (A[1][0] * A[2][2] - A[1][2] * A[2][0]) + A[0][2] * (A[1][0] * b[2] - b[1] * A[2][0]);

    double detX3 = A[0][0] * (A[1][1] * b[2] - b[1] * A[2][1]) - A[0][1] * (A[1][0] * b[2] - b[1] * A[2][0]) + b[0] * (A[1][0] * A[2][1] - A[1][1] * A[2][0]);

    double x1 = detX1 / detA;
    double x2 = detX2 / detA;
    double x3 = detX3 / detA;

    cout << "\nРешение:" << endl;
    cout << "x1 = " << x1 << endl;
    cout << "x2 = " << x2 << endl;
    cout << "x3 = " << x3 << endl;

    double inv[3][3];

    inv[0][0] = (A[1][1] * A[2][2] - A[1][2] * A[2][1]) / detA;
    inv[0][1] = -(A[1][0] * A[2][2] - A[1][2] * A[2][0]) / detA;
    inv[0][2] = (A[1][0] * A[2][1] - A[1][1] * A[2][0]) / detA;

    inv[1][0] = -(A[0][1] * A[2][2] - A[0][2] * A[2][1]) / detA;
    inv[1][1] = (A[0][0] * A[2][2] - A[0][2] * A[2][0]) / detA;
    inv[1][2] = -(A[0][0] * A[2][1] - A[0][1] * A[2][0]) / detA;

    inv[2][0] = (A[0][1] * A[1][2] - A[0][2] * A[1][1]) / detA;
    inv[2][1] = -(A[0][0] * A[1][2] - A[0][2] * A[1][0]) / detA;
    inv[2][2] = (A[0][0] * A[1][1] - A[0][1] * A[1][0]) / detA;

    double normA = 0;
    for (int j = 0; j < 3; j++) {
        double sum = abs(A[0][j]) + abs(A[1][j]) + abs(A[2][j]);
        if (sum > normA) normA = sum;
    }

    double normInv = 0;
    for (int j = 0; j < 3; j++) {
        double sum = abs(inv[0][j]) + abs(inv[1][j]) + abs(inv[2][j]);
        if (sum > normInv) normInv = sum;
    }

    double cond = normA * normInv;
    cout << "\nНорма A = " << normA << endl;
    cout << "Норма A^(-1) = " << normInv << endl;
    cout << "Число обусловленности = " << cond << endl;

    double Ax[3];
    for (int i = 0; i < 3; i++) {
        Ax[i] = A[i][0] * x1 + A[i][1] * x2 + A[i][2] * x3;
    }

    double nev = 0;
    for (int i = 0; i < 3; i++) {
        nev += abs(Ax[i] - b[i]);
    }
    cout << "\nНевязка = " << nev << endl;

    double sum_x = x1 + x2 + x3;
    double erf1 = erf(1.0);

    cout << "\nx1 + x2 + x3 = " << sum_x << endl;
    cout << "erf(1.0) = " << erf1 << endl;
    cout << "Разница = " << abs(sum_x - erf1) << endl << endl;

    double A2[3][3] = { {0.1, 0.2, 0.3}, {0.4, 0.5, 0.6}, {0.7, 0.8, 0.9} };

    double b2[3] = { 0.1, 0.3, 0.5 };

    cout << "\nМатрица A2:" << endl;
    for (int i = 0; i < 3; i++) {
        for (int j = 0; j < 3; j++) {
            cout << A2[i][j] << " ";
        }
        cout << endl;
    }

    cout << "\nВектор b2: " << b2[0] << ", " << b2[1] << ", " << b2[2] << endl;

    double detA2 = A2[0][0] * (A2[1][1] * A2[2][2] - A2[1][2] * A2[2][1]) - A2[0][1] * (A2[1][0] * A2[2][2] - A2[1][2] * A2[2][0]) + A2[0][2] * (A2[1][0] * A2[2][1] - A2[1][1] * A2[2][0]);

    cout << "\nОпределитель A2 = " << detA2 << " матрица вырожденная" << endl;

    cout << "\nСтрока 3 - Строка 2 = ";
    for (int j = 0; j < 3; j++) {
        cout << A2[2][j] - A2[1][j] << " ";
    }

    cout << "\nСтрока 2 - Строка 1 = ";
    for (int j = 0; j < 3; j++) {
        cout << A2[1][j] - A2[0][j] << " ";
    }
    cout << "\nстроки линейно зависимы" << endl;

    cout << "\nb3 - b2 = " << b2[2] - b2[1] << endl;
    cout << "b2 - b1 = " << b2[1] - b2[0] << endl;
    cout << "Система имеет бескрнечно много решений" << endl << endl;
}
